
Microsoft Visual Studio Solution File, Format Version 12.00
# Visual Studio 15
VisualStudioVersion = 15.0.27428.2037
MinimumVisualStudioVersion = 10.0.40219.1
Project("{9A19103F-16F7-4668-BE54-9A1E7A4F7556}") = "CSE136", "CSE136\CSE136.csproj", "{B64B9BC5-26B4-4E2B-AB7A-12B2DF641F63}"
EndProject
Project("{9A19103F-16F7-4668-BE54-9A1E7A4F7556}") = "DAL", "DAL\DAL.csproj", "{100BF979-D7B9-4071-8DEC-A71D2AC1069B}"
EndProject
Project("{9A19103F-16F7-4668-BE54-9A1E7A4F7556}") = "DALTest", "DALTest\DALTest.csproj", "{3F812967-1FB4-495E-9963-304A477E3D92}"
EndProject
Project("{FAE04EC0-301F-11D3-BF4B-00C04F79EFBC}") = "POCO", "POCO\POCO.csproj", "{51FCB891-195B-4A65-ADA6-87349075BA9C}"
EndProject
Project("{FAE04EC0-301F-11D3-BF4B-00C04F79EFBC}") = "BLL", "BLL\BLL.csproj", "{A2018796-3260-4195-A384-BD411FA35154}"
EndProject
Global
	GlobalSection(SolutionConfigurationPlatforms) = preSolution
		Debug|Any CPU = Debug|Any CPU
		Release|Any CPU = Release|Any CPU
	EndGlobalSection
	GlobalSection(ProjectConfigurationPlatforms) = postSolution
		{B64B9BC5-26B4-4E2B-AB7A-12B2DF641F63}.Debug|Any CPU.ActiveCfg = Debug|Any CPU
		{B64B9BC5-26B4-4E2B-AB7A-12B2DF641F63}.Debug|Any CPU.Build.0 = Debug|Any CPU
		{B64B9BC5-26B4-4E2B-AB7A-12B2DF641F63}.Release|Any CPU.ActiveCfg = Release|Any CPU
		{B64B9BC5-26B4-4E2B-AB7A-12B2DF641F63}.Release|Any CPU.Build.0 = Release|Any CPU
		{100BF979-D7B9-4071-8DEC-A71D2AC1069B}.Debug|Any CPU.ActiveCfg = Debug|Any CPU
		{100BF979-D7B9-4071-8DEC-A71D2AC1069B}.Debug|Any CPU.Build.0 = Debug|Any CPU
		{100BF979-D7B9-4071-8DEC-A71D2AC1069B}.Release|Any CPU.ActiveCfg = Release|Any CPU
		{100BF979-D7B9-4071-8DEC-A71D2AC1069B}.Release|Any CPU.Build.0 = Release|Any CPU
		{3F812967-1FB4-495E-9963-304A477E3D92}.Debug|Any CPU.ActiveCfg = Debug|Any CPU
		{3F812967-1FB4-495E-9963-304A477E3D92}.Debug|Any CPU.Build.0 = Debug|Any CPU
		{3F812967-1FB4-495E-9963-304A477E3D92}.Release|Any CPU.ActiveCfg = Release|Any CPU
		{3F812967-1FB4-495E-9963-304A477E3D92}.Release|Any CPU.Build.0 = Release|Any CPU
		{51FCB891-195B-4A65-ADA6-87349075BA9C}.Debug|Any CPU.ActiveCfg = Debug|Any CPU
		{51FCB891-195B-4A65-ADA6-87349075BA9C}.Debug|Any CPU.Build.0 = Debug|Any CPU
		{51FCB891-195B-4A65-ADA6-87349075BA9C}.Release|Any CPU.ActiveCfg = Release|Any CPU
		{51FCB891-195B-4A65-ADA6-87349075BA9C}.Release|Any CPU.Build.0 = Release|Any CPU
		{A2018796-3260-4195-A384-BD411FA35154}.Debug|Any CPU.ActiveCfg = Debug|Any CPU
		{A2018796-3260-4195-A384-BD411FA35154}.Debug|Any CPU.Build.0 = Debug|Any CPU
		{A2018796-3260-4195-A384-BD411FA35154}.Release|Any CPU.ActiveCfg = Release|Any CPU
		{A2018796-3260-4195-A384-BD411FA35154}.Release|Any CPU.Build.0 = Release|Any CPU
	EndGlobalSection
	GlobalSection(SolutionProperties) = preSolution
		HideSolutionNode = FALSE
	EndGlobalSection
	GlobalSection(ExtensibilityGlobals) = postSolution
		SolutionGuid = {BB64FD74-CE1D-47CE-9E3E-ED18109425A2}
	EndGlobalSection
EndGlobal
